
Microsoft Visual Studio Solution File, Format Version 12.00
Project("{FAE04EC0-301F-11D3-BF4B-00C04F79EFBC}") = "Granitos.Services.Domain", "Granitos.Services.Domain\Granitos.Services.Domain.csproj", "{28E549F2-E6BD-4B6A-A397-77CBA56E090E}"
EndProject
Project("{FAE04EC0-301F-11D3-BF4B-00C04F79EFBC}") = "Granitos.Services.Infrastructure", "Granitos.Services.Infrastructure\Granitos.Services.Infrastructure.csproj", "{FDAC43A8-525C-4FD3-808C-B4B57460EFA8}"
EndProject
Project("{2150E333-8FDC-42A3-9474-1A3956D46DE8}") = "Common", "Common", "{73B8603A-114E-4CC6-9B9F-83F14EF347DB}"
EndProject
Project("{2150E333-8FDC-42A3-9474-1A3956D46DE8}") = "Scripts", "Scripts", "{769E6DB9-D863-4692-A6A0-6AAA1D7EC303}"
EndProject
Project("{FAE04EC0-301F-11D3-BF4B-00C04F79EFBC}") = "Granitos.Common.Mongo", "Granitos.Common.Mongo\Granitos.Common.Mongo.csproj", "{AE46ABCB-F0FD-457F-BBD8-13973E69AED7}"
EndProject
Project("{FAE04EC0-301F-11D3-BF4B-00C04F79EFBC}") = "Granitos.Common", "Granitos.Common\Granitos.Common.csproj", "{9ADB3A0A-4294-4399-8D6C-E634B6E2512E}"
EndProject
Project("{FAE04EC0-301F-11D3-BF4B-00C04F79EFBC}") = "Granitos.Api", "Granitos.Api\Granitos.Api.csproj", "{F5A3823C-CF59-4178-BDF6-2F79CC7B27DB}"
EndProject
Project("{FAE04EC0-301F-11D3-BF4B-00C04F79EFBC}") = "Granitos.Common.Errors.Core", "Granitos.Common.Errors.Core\Granitos.Common.Errors.Core.csproj", "{D3B9C752-4D47-442A-AB7E-7A159585F7D4}"
EndProject
Project("{FAE04EC0-301F-11D3-BF4B-00C04F79EFBC}") = "Granitos.Common.Errors.Http", "Granitos.Common.Errors.Http\Granitos.Common.Errors.Http.csproj", "{C9AFA47D-E5E8-404C-A0CA-397EAC38B2F3}"
EndProject
Project("{FAE04EC0-301F-11D3-BF4B-00C04F79EFBC}") = "Granitos.Common.Errors.Http.FluentValidation", "Granitos.Common.Errors.Http.FluentValidation\Granitos.Common.Errors.Http.FluentValidation.csproj", "{6EEDAA60-8403-4B31-A5E9-E903DE55A19A}"
EndProject
Project("{2150E333-8FDC-42A3-9474-1A3956D46DE8}") = "Tests", "Tests", "{DCF8F619-470C-4A5C-9AF5-D8884AE3989E}"
EndProject
Project("{FAE04EC0-301F-11D3-BF4B-00C04F79EFBC}") = "Granitos.Common.Testing", "Granitos.Common.Testing\Granitos.Common.Testing.csproj", "{97AA77DA-D779-4DAB-9F0C-6628FC2A6014}"
EndProject
Project("{2150E333-8FDC-42A3-9474-1A3956D46DE8}") = "Errors", "Errors", "{23E9CEF6-8C36-422F-8F81-963AA25393FB}"
EndProject
Project("{2150E333-8FDC-42A3-9474-1A3956D46DE8}") = "Other", "Other", "{49C21634-314F-44DA-B7D8-451545B5BA2C}"
EndProject
Project("{FAE04EC0-301F-11D3-BF4B-00C04F79EFBC}") = "Granitos.Common.Errors.FakeApi", "Granitos.Common.Errors.FakeApi\Granitos.Common.Errors.FakeApi.csproj", "{973DBF5F-50F2-4D44-928F-BCBD7C70BEAA}"
EndProject
Global
	GlobalSection(SolutionConfigurationPlatforms) = preSolution
		Debug|Any CPU = Debug|Any CPU
		Release|Any CPU = Release|Any CPU
	EndGlobalSection
	GlobalSection(ProjectConfigurationPlatforms) = postSolution
		{28E549F2-E6BD-4B6A-A397-77CBA56E090E}.Debug|Any CPU.ActiveCfg = Debug|Any CPU
		{28E549F2-E6BD-4B6A-A397-77CBA56E090E}.Debug|Any CPU.Build.0 = Debug|Any CPU
		{28E549F2-E6BD-4B6A-A397-77CBA56E090E}.Release|Any CPU.ActiveCfg = Release|Any CPU
		{28E549F2-E6BD-4B6A-A397-77CBA56E090E}.Release|Any CPU.Build.0 = Release|Any CPU
		{FDAC43A8-525C-4FD3-808C-B4B57460EFA8}.Debug|Any CPU.ActiveCfg = Debug|Any CPU
		{FDAC43A8-525C-4FD3-808C-B4B57460EFA8}.Debug|Any CPU.Build.0 = Debug|Any CPU
		{FDAC43A8-525C-4FD3-808C-B4B57460EFA8}.Release|Any CPU.ActiveCfg = Release|Any CPU
		{FDAC43A8-525C-4FD3-808C-B4B57460EFA8}.Release|Any CPU.Build.0 = Release|Any CPU
		{AE46ABCB-F0FD-457F-BBD8-13973E69AED7}.Debug|Any CPU.ActiveCfg = Debug|Any CPU
		{AE46ABCB-F0FD-457F-BBD8-13973E69AED7}.Debug|Any CPU.Build.0 = Debug|Any CPU
		{AE46ABCB-F0FD-457F-BBD8-13973E69AED7}.Release|Any CPU.ActiveCfg = Release|Any CPU
		{AE46ABCB-F0FD-457F-BBD8-13973E69AED7}.Release|Any CPU.Build.0 = Release|Any CPU
		{9ADB3A0A-4294-4399-8D6C-E634B6E2512E}.Debug|Any CPU.ActiveCfg = Debug|Any CPU
		{9ADB3A0A-4294-4399-8D6C-E634B6E2512E}.Debug|Any CPU.Build.0 = Debug|Any CPU
		{9ADB3A0A-4294-4399-8D6C-E634B6E2512E}.Release|Any CPU.ActiveCfg = Release|Any CPU
		{9ADB3A0A-4294-4399-8D6C-E634B6E2512E}.Release|Any CPU.Build.0 = Release|Any CPU
		{F5A3823C-CF59-4178-BDF6-2F79CC7B27DB}.Debug|Any CPU.ActiveCfg = Debug|Any CPU
		{F5A3823C-CF59-4178-BDF6-2F79CC7B27DB}.Debug|Any CPU.Build.0 = Debug|Any CPU
		{F5A3823C-CF59-4178-BDF6-2F79CC7B27DB}.Release|Any CPU.ActiveCfg = Release|Any CPU
		{F5A3823C-CF59-4178-BDF6-2F79CC7B27DB}.Release|Any CPU.Build.0 = Release|Any CPU
		{D3B9C752-4D47-442A-AB7E-7A159585F7D4}.Debug|Any CPU.ActiveCfg = Debug|Any CPU
		{D3B9C752-4D47-442A-AB7E-7A159585F7D4}.Debug|Any CPU.Build.0 = Debug|Any CPU
		{D3B9C752-4D47-442A-AB7E-7A159585F7D4}.Release|Any CPU.ActiveCfg = Release|Any CPU
		{D3B9C752-4D47-442A-AB7E-7A159585F7D4}.Release|Any CPU.Build.0 = Release|Any CPU
		{C9AFA47D-E5E8-404C-A0CA-397EAC38B2F3}.Debug|Any CPU.ActiveCfg = Debug|Any CPU
		{C9AFA47D-E5E8-404C-A0CA-397EAC38B2F3}.Debug|Any CPU.Build.0 = Debug|Any CPU
		{C9AFA47D-E5E8-404C-A0CA-397EAC38B2F3}.Release|Any CPU.ActiveCfg = Release|Any CPU
		{C9AFA47D-E5E8-404C-A0CA-397EAC38B2F3}.Release|Any CPU.Build.0 = Release|Any CPU
		{6EEDAA60-8403-4B31-A5E9-E903DE55A19A}.Debug|Any CPU.ActiveCfg = Debug|Any CPU
		{6EEDAA60-8403-4B31-A5E9-E903DE55A19A}.Debug|Any CPU.Build.0 = Debug|Any CPU
		{6EEDAA60-8403-4B31-A5E9-E903DE55A19A}.Release|Any CPU.ActiveCfg = Release|Any CPU
		{6EEDAA60-8403-4B31-A5E9-E903DE55A19A}.Release|Any CPU.Build.0 = Release|Any CPU
		{97AA77DA-D779-4DAB-9F0C-6628FC2A6014}.Debug|Any CPU.ActiveCfg = Debug|Any CPU
		{97AA77DA-D779-4DAB-9F0C-6628FC2A6014}.Debug|Any CPU.Build.0 = Debug|Any CPU
		{97AA77DA-D779-4DAB-9F0C-6628FC2A6014}.Release|Any CPU.ActiveCfg = Release|Any CPU
		{97AA77DA-D779-4DAB-9F0C-6628FC2A6014}.Release|Any CPU.Build.0 = Release|Any CPU
		{973DBF5F-50F2-4D44-928F-BCBD7C70BEAA}.Debug|Any CPU.ActiveCfg = Debug|Any CPU
		{973DBF5F-50F2-4D44-928F-BCBD7C70BEAA}.Debug|Any CPU.Build.0 = Debug|Any CPU
		{973DBF5F-50F2-4D44-928F-BCBD7C70BEAA}.Release|Any CPU.ActiveCfg = Release|Any CPU
		{973DBF5F-50F2-4D44-928F-BCBD7C70BEAA}.Release|Any CPU.Build.0 = Release|Any CPU
	EndGlobalSection
	GlobalSection(NestedProjects) = preSolution
		{AE46ABCB-F0FD-457F-BBD8-13973E69AED7} = {73B8603A-114E-4CC6-9B9F-83F14EF347DB}
		{9ADB3A0A-4294-4399-8D6C-E634B6E2512E} = {73B8603A-114E-4CC6-9B9F-83F14EF347DB}
		{D3B9C752-4D47-442A-AB7E-7A159585F7D4} = {73B8603A-114E-4CC6-9B9F-83F14EF347DB}
		{C9AFA47D-E5E8-404C-A0CA-397EAC38B2F3} = {73B8603A-114E-4CC6-9B9F-83F14EF347DB}
		{6EEDAA60-8403-4B31-A5E9-E903DE55A19A} = {73B8603A-114E-4CC6-9B9F-83F14EF347DB}
		{97AA77DA-D779-4DAB-9F0C-6628FC2A6014} = {73B8603A-114E-4CC6-9B9F-83F14EF347DB}
		{23E9CEF6-8C36-422F-8F81-963AA25393FB} = {DCF8F619-470C-4A5C-9AF5-D8884AE3989E}
		{49C21634-314F-44DA-B7D8-451545B5BA2C} = {DCF8F619-470C-4A5C-9AF5-D8884AE3989E}
		{973DBF5F-50F2-4D44-928F-BCBD7C70BEAA} = {23E9CEF6-8C36-422F-8F81-963AA25393FB}
	EndGlobalSection
EndGlobal
